<Solution>
  <Folder Name="/Solution Items/">
    <File Path=".gitignore" />
  </Folder>
  <Folder Name="/src/">
    <Project Path="src/ApiGateway/ApiGateway.csproj" />
    <Project Path="src/AuthService/AuthService.csproj" />
    <Project Path="src/BookService/BookService.csproj" />
  </Folder>
  <Folder Name="/tests/">
    <Project Path="BookService.UnitTests/BookService.UnitTests.csproj" Id="6f3ee923-60dd-46a0-a28d-4cd30937f7ef" />
    <Project Path="tests/AuthService.UnitTests/AuthService.UnitTests.csproj" Id="53e629bb-6edb-46ef-87d3-d60c61ffb848" />
  </Folder>
</Solution>
